
Microsoft Visual Studio Solution File, Format Version 12.00
# Visual Studio Version 16
VisualStudioVersion = 16.0.29230.47
MinimumVisualStudioVersion = 10.0.40219.1
Project("{FAE04EC0-301F-11D3-BF4B-00C04F79EFBC}") = "CorreiosWebApi", "CorreiosWebApi\CorreiosWebApi.csproj", "{FD38619B-5788-40FF-A6CB-041EA2DA409D}"
EndProject
Global
	GlobalSection(SolutionConfigurationPlatforms) = preSolution
		Debug|Any CPU = Debug|Any CPU
		Release|Any CPU = Release|Any CPU
	EndGlobalSection
	GlobalSection(ProjectConfigurationPlatforms) = postSolution
		{FD38619B-5788-40FF-A6CB-041EA2DA409D}.Debug|Any CPU.ActiveCfg = Debug|Any CPU
		{FD38619B-5788-40FF-A6CB-041EA2DA409D}.Debug|Any CPU.Build.0 = Debug|Any CPU
		{FD38619B-5788-40FF-A6CB-041EA2DA409D}.Release|Any CPU.ActiveCfg = Release|Any CPU
		{FD38619B-5788-40FF-A6CB-041EA2DA409D}.Release|Any CPU.Build.0 = Release|Any CPU
	EndGlobalSection
	GlobalSection(SolutionProperties) = preSolution
		HideSolutionNode = FALSE
	EndGlobalSection
	GlobalSection(ExtensibilityGlobals) = postSolution
		SolutionGuid = {CCCAB1D7-8939-4A42-BB83-90CC5AA7F24D}
	EndGlobalSection
EndGlobal
